# This file is automatically @generated by Cargo.
# It is not intended for manual editing.
version = 4

[[package]]
name = "adler2"
version = "2.0.1"
source = "registry+https://github.com/rust-lang/crates.io-index"
checksum = "320119579fcad9c21884f5c4861d16174d0e06250625266f50fe6898340abefa"

[[package]]
name = "archmage"
version = "0.9.28"
source = "registry+https://github.com/rust-lang/crates.io-index"
checksum = "802588500749f8792342d51afe283f42a7ab6baeb3c5334b62c3c48855a2ec20"
dependencies = [
 "archmage-macros",
 "safe_unaligned_simd",
 "winarm-cpufeatures",
]

[[package]]
name = "archmage-macros"
version = "0.9.28"
source = "registry+https://github.com/rust-lang/crates.io-index"
checksum = "f6e6c957fc425c4e22da4abc86b3341df09672079df466de138b6b0608a6cfd2"
dependencies = [
 "proc-macro2",
 "quote",
 "syn 2.0.119",
]

[[package]]
name = "autocfg"
version = "1.5.1"
source = "registry+https://github.com/rust-lang/crates.io-index"
checksum = "f2032f911046de80f0a198e0901378627c33f59ea0ac00e363d481118bd70a53"

[[package]]
name = "bitflags"
version = "1.3.2"
source = "registry+https://github.com/rust-lang/crates.io-index"
checksum = "bef38d45163c2f1dde094a7dfd33ccf595c92905c8f8f4fdc18d06fb1037718a"

[[package]]
name = "bumpalo"
version = "3.20.3"
source = "registry+https://github.com/rust-lang/crates.io-index"
checksum = "72f5acc6cb2ba439de613abc23857ec3d78374d8ed5ac84e9d11336e87da8649"

[[package]]
name = "bytemuck"
version = "1.25.2"
source = "registry+https://github.com/rust-lang/crates.io-index"
checksum = "95832e849adfb21180ccb6826a99da14e5d266ae5c2e668e1602cf234f153797"
dependencies = [
 "bytemuck_derive",
]

[[package]]
name = "bytemuck_derive"
version = "1.12.0"
source = "registry+https://github.com/rust-lang/crates.io-index"
checksum = "fc0e56a716f1e132ff6bf4bdac1c944a3fcdc1cae65f70a4a2a1ac3b401d2d1f"
dependencies = [
 "proc-macro2",
 "quote",
 "syn 3.0.4",
]

[[package]]
name = "byteorder-lite"
version = "0.1.0"
source = "registry+https://github.com/rust-lang/crates.io-index"
checksum = "8f1fe948ff07f4bd06c30984e69f5b4899c516a3ef74f34df92a2df2ab535495"

[[package]]
name = "cfg-if"
version = "1.0.4"
source = "registry+https://github.com/rust-lang/crates.io-index"
checksum = "9330f8b2ff13f34540b44e946ef35111825727b38d33286ef986142615121801"

[[package]]
name = "crc32fast"
version = "1.5.1"
source = "registry+https://github.com/rust-lang/crates.io-index"
checksum = "8498c871161e1742aaa9d52551b2d6ebdd4c3d45a3be423e3728f33b955be550"
dependencies = [
 "cfg-if",
]

[[package]]
name = "crunchy"
version = "0.2.4"
source = "registry+https://github.com/rust-lang/crates.io-index"
checksum = "460fbee9c2c2f33933d720630a6a0bac33ba7053db5344fac858d4b8952d77d5"

[[package]]
name = "enough"
version = "0.4.4"
source = "registry+https://github.com/rust-lang/crates.io-index"
checksum = "f8e1bd41ecce82c300d0c84fa35b080fa6db50a5398b18f1abf0357bb067549e"

[[package]]
name = "fdeflate"
version = "0.3.7"
source = "registry+https://github.com/rust-lang/crates.io-index"
checksum = "1e6853b52649d4ac5c0bd02320cddc5ba956bdb407c4b75a2c6b75bf51500f8c"
dependencies = [
 "simd-adler32",
]

[[package]]
name = "flate2"
version = "1.1.9"
source = "registry+https://github.com/rust-lang/crates.io-index"
checksum = "843fba2746e448b37e26a819579957415c8cef339bf08564fe8b7ddbd959573c"
dependencies = [
 "crc32fast",
 "miniz_oxide",
]

[[package]]
name = "foldhash"
version = "0.2.0"
source = "registry+https://github.com/rust-lang/crates.io-index"
checksum = "77ce24cb58228fbb8aa041425bb1050850ac19177686ea6e0f41a70416f56fdb"

[[package]]
name = "garb"
version = "0.2.8"
source = "registry+https://github.com/rust-lang/crates.io-index"
checksum = "8b968bb36272be4662f264fd123e96915e7dd51c8ca529c2d35f621817ff4207"
dependencies = [
 "archmage",
 "bytemuck",
 "paste",
]

[[package]]
name = "half"
version = "2.7.1"
source = "registry+https://github.com/rust-lang/crates.io-index"
checksum = "6ea2d84b969582b4b1864a92dc5d27cd2b77b622a8d79306834f1be5ba20d84b"
dependencies = [
 "cfg-if",
 "crunchy",
 "zerocopy",
]

[[package]]
name = "hashbrown"
version = "0.16.1"
source = "registry+https://github.com/rust-lang/crates.io-index"
checksum = "841d1cc9bed7f9236f321df977030373f4a4163ae1a7dbfe1a51a2c1a51d9100"
dependencies = [
 "foldhash",
]

[[package]]
name = "heic"
version = "0.1.6"
source = "registry+https://github.com/rust-lang/crates.io-index"
checksum = "4922930855bf6756c7a9caf637c6bca37f851927d4c89a0117beb254614f79a3"
dependencies = [
 "archmage",
 "enough",
 "magetypes",
 "memchr",
 "safe_unaligned_simd",
 "ultrahdr-core",
 "whereat",
]

[[package]]
name = "image-webp"
version = "0.2.4"
source = "registry+https://github.com/rust-lang/crates.io-index"
checksum = "525e9ff3e1a4be2fbea1fdf0e98686a6d98b4d8f937e1bf7402245af1909e8c3"
dependencies = [
 "byteorder-lite",
 "quick-error",
]

[[package]]
name = "jpeg-encoder"
version = "0.6.1"
source = "registry+https://github.com/rust-lang/crates.io-index"
checksum = "b454d911ac55068f53495488d8ccd0646eaa540c033a28ee15b07838afafb01f"

[[package]]
name = "libm"
version = "0.2.16"
source = "registry+https://github.com/rust-lang/crates.io-index"
checksum = "b6d2cec3eae94f9f509c767b45932f1ada8350c4bdb85af2fcab4a3c14807981"

[[package]]
name = "linear-srgb"
version = "0.6.12"
source = "registry+https://github.com/rust-lang/crates.io-index"
checksum = "fe0e61c33d85bc56dcaf27cdf48ca32b8e34af7236584eb1d8a47316c49e0be1"
dependencies = [
 "archmage",
 "bytemuck",
 "magetypes",
 "num-traits",
]

[[package]]
name = "magetypes"
version = "0.9.28"
source = "registry+https://github.com/rust-lang/crates.io-index"
checksum = "0b3e01b6a29880b694607d95eb01da6bf71a291c545a560c5255c26e02a35413"
dependencies = [
 "archmage",
 "rustversion",
]

[[package]]
name = "memchr"
version = "2.8.3"
source = "registry+https://github.com/rust-lang/crates.io-index"
checksum = "cf8baf1c55e62ffcace7a9f06f4bd9cd3f0c4beb022d3b367256b91b87513d98"

[[package]]
name = "miniz_oxide"
version = "0.8.9"
source = "registry+https://github.com/rust-lang/crates.io-index"
checksum = "1fa76a2c86f704bdb222d66965fb3d63269ce38518b83cb0575fca855ebb6316"
dependencies = [
 "adler2",
 "simd-adler32",
]

[[package]]
name = "num-traits"
version = "0.2.19"
source = "registry+https://github.com/rust-lang/crates.io-index"
checksum = "071dfc062690e90b734c0b2273ce72ad0ffa95f0c74596bc250dcfd960262841"
dependencies = [
 "autocfg",
 "libm",
]

[[package]]
name = "once_cell"
version = "1.21.4"
source = "registry+https://github.com/rust-lang/crates.io-index"
checksum = "9f7c3e4beb33f85d45ae3e3a1792185706c8e16d043238c593331cc7cd313b50"

[[package]]
name = "paste"
version = "1.0.15"
source = "registry+https://github.com/rust-lang/crates.io-index"
checksum = "57c0d7b74b563b49d38dae00a0c37d4d6de9b432382b2892f0574ddcae73fd0a"

[[package]]
name = "png"
version = "0.17.16"
source = "registry+https://github.com/rust-lang/crates.io-index"
checksum = "82151a2fc869e011c153adc57cf2789ccb8d9906ce52c0b39a6b5697749d7526"
dependencies = [
 "bitflags",
 "crc32fast",
 "fdeflate",
 "flate2",
 "miniz_oxide",
]

[[package]]
name = "proc-macro2"
version = "1.0.107"
source = "registry+https://github.com/rust-lang/crates.io-index"
checksum = "985e7ec9bb745e6ce6535b544d84d6cd6f7ad8bd711c398938ae983b91a766d9"
dependencies = [
 "unicode-ident",
]

[[package]]
name = "prok-cli"
version = "0.1.0"
dependencies = [
 "prok-core",
]

[[package]]
name = "prok-core"
version = "0.1.0"
dependencies = [
 "heic",
 "image-webp",
 "jpeg-encoder",
 "png",
 "serde",
 "zenwebp",
 "zune-core",
 "zune-jpeg",
]

[[package]]
name = "prok-wasm"
version = "0.1.0"
dependencies = [
 "prok-core",
 "wasm-bindgen",
]

[[package]]
name = "quick-error"
version = "2.0.1"
source = "registry+https://github.com/rust-lang/crates.io-index"
checksum = "a993555f31e5a609f617c12db6250dedcac1b0a85076912c436e6fc9b2c8e6a3"

[[package]]
name = "quote"
version = "1.0.47"
source = "registry+https://github.com/rust-lang/crates.io-index"
checksum = "1fbf4db142a473a8d80c26bbf18454ed458bf8d26c8219c331daecfdbd079001"
dependencies = [
 "proc-macro2",
]

[[package]]
name = "rgb"
version = "0.8.53"
source = "registry+https://github.com/rust-lang/crates.io-index"
checksum = "47b34b781b31e5d73e9fbc8689c70551fd1ade9a19e3e28cfec8580a79290cc4"
dependencies = [
 "bytemuck",
]

[[package]]
name = "rustversion"
version = "1.0.23"
source = "registry+https://github.com/rust-lang/crates.io-index"
checksum = "cf54715a573b99ac80df0bc206da022bcd442c974952c7b9720069370852e21f"

[[package]]
name = "safe_arch"
version = "1.2.0"
source = "registry+https://github.com/rust-lang/crates.io-index"
checksum = "42c6efa15875e6ecb39ca61fb0b0c1a40b84fac5a5ffe71eef7d1000c8eb3f5f"
dependencies = [
 "bytemuck",
]

[[package]]
name = "safe_unaligned_simd"
version = "0.2.5"
source = "registry+https://github.com/rust-lang/crates.io-index"
checksum = "f9c874fb993656d484725d58fbfddb39dfcf98ebcadc1a1d09568aa6b39bafba"

[[package]]
name = "serde"
version = "1.0.229"
source = "registry+https://github.com/rust-lang/crates.io-index"
checksum = "4148590afebada386688f18773da617792bf2ef03ffc1e4cbd2b1d45b023e0ba"
dependencies = [
 "serde_core",
 "serde_derive",
]

[[package]]
name = "serde_core"
version = "1.0.229"
source = "registry+https://github.com/rust-lang/crates.io-index"
checksum = "67dca2c9c51e58a4791a4b1ed58308b39c64224d349a935ab5039aa360942a48"
dependencies = [
 "serde_derive",
]

[[package]]
name = "serde_derive"
version = "1.0.229"
source = "registry+https://github.com/rust-lang/crates.io-index"
checksum = "e7a5d71263a5a7d47b41f6b3f06ba276f10cc18b0931f1799f710578e2309348"
dependencies = [
 "proc-macro2",
 "quote",
 "syn 3.0.4",
]

[[package]]
name = "simd-adler32"
version = "0.3.10"
source = "registry+https://github.com/rust-lang/crates.io-index"
checksum = "3a219298ac11a56ea9a6d2120044824d6f01aeb034955e7af7bc16858527deea"

[[package]]
name = "syn"
version = "2.0.119"
source = "registry+https://github.com/rust-lang/crates.io-index"
checksum = "872831b642d1a07999a962a351ed35b955ea2cfc8f3862091e2a240a84f17297"
dependencies = [
 "proc-macro2",
 "quote",
 "unicode-ident",
]

[[package]]
name = "syn"
version = "3.0.4"
source = "registry+https://github.com/rust-lang/crates.io-index"
checksum = "e6275cddf4610d1775e6d1fe9469b2e77d0f39fd98fb7450901b821e0c53649f"
dependencies = [
 "proc-macro2",
 "quote",
 "unicode-ident",
]

[[package]]
name = "thiserror"
version = "2.0.20"
source = "registry+https://github.com/rust-lang/crates.io-index"
checksum = "ec86235f5fcc2a73650310756d2ac5b138a5780bbbdfae3eeccec992c435ba4f"
dependencies = [
 "thiserror-impl",
]

[[package]]
name = "thiserror-impl"
version = "2.0.20"
source = "registry+https://github.com/rust-lang/crates.io-index"
checksum = "bc04cd3e1236dd4a98afca4569f2deb3f120e5422a4023be2cb683f8486292af"
dependencies = [
 "proc-macro2",
 "quote",
 "syn 3.0.4",
]

[[package]]
name = "ultrahdr-core"
version = "0.4.1"
source = "registry+https://github.com/rust-lang/crates.io-index"
checksum = "964a038e0f75524ef9bd01ee6bda6d2457a3b6c1ca8df22478b9bb94b3547669"
dependencies = [
 "archmage",
 "bytemuck",
 "enough",
 "half",
 "linear-srgb",
 "magetypes",
 "thiserror",
 "wide",
]

[[package]]
name = "unicode-ident"
version = "1.0.24"
source = "registry+https://github.com/rust-lang/crates.io-index"
checksum = "e6e4313cd5fcd3dad5cafa179702e2b244f760991f45397d14d4ebf38247da75"

[[package]]
name = "wasm-bindgen"
version = "0.2.127"
source = "registry+https://github.com/rust-lang/crates.io-index"
checksum = "1b70935747edd64d89de3efa29d73789b806c15798f8e7dca4d8ac356b50ce70"
dependencies = [
 "cfg-if",
 "once_cell",
 "rustversion",
 "wasm-bindgen-macro",
 "wasm-bindgen-shared",
]

[[package]]
name = "wasm-bindgen-macro"
version = "0.2.127"
source = "registry+https://github.com/rust-lang/crates.io-index"
checksum = "77775f8f3f7217702089053b94958f8f54061a3f663417df76e19cbdcca29bc1"
dependencies = [
 "quote",
 "wasm-bindgen-macro-support",
]

[[package]]
name = "wasm-bindgen-macro-support"
version = "0.2.127"
source = "registry+https://github.com/rust-lang/crates.io-index"
checksum = "e11d33f857dc2fb11b8bc75aee111aa9cbeb12cd9f25efd3d4c2a3dd4e235284"
dependencies = [
 "bumpalo",
 "proc-macro2",
 "quote",
 "syn 2.0.119",
 "wasm-bindgen-shared",
]

[[package]]
name = "wasm-bindgen-shared"
version = "0.2.127"
source = "registry+https://github.com/rust-lang/crates.io-index"
checksum = "7ef64dbcc55df09c7e5a46182d181c2cfa3e925f3da937ea764728b4bbb9dcbf"
dependencies = [
 "unicode-ident",
]

[[package]]
name = "whereat"
version = "0.1.5"
source = "registry+https://github.com/rust-lang/crates.io-index"
checksum = "ab90f361db038ba3135da12c938c328fb43a012992101879e3d6ebccb4d7eba8"

[[package]]
name = "wide"
version = "1.7.0"
source = "registry+https://github.com/rust-lang/crates.io-index"
checksum = "8cf05ca94c9fba0c51316899caa1d1e74a064fc310a5efa7375e614343d415be"
dependencies = [
 "bytemuck",
 "safe_arch",
]

[[package]]
name = "winarm-cpufeatures"
version = "0.1.2"
source = "registry+https://github.com/rust-lang/crates.io-index"
checksum = "d107c80dd656e1a2c254dfb1d57ece73b7f515b8a8684c270c23cab68f4a440d"

[[package]]
name = "zenpixels"
version = "0.2.16"
source = "registry+https://github.com/rust-lang/crates.io-index"
checksum = "5851fd39b312749a3c367a0cd3522bd95d43276cfa613e9c18df748447cef3a8"
dependencies = [
 "bytemuck",
 "whereat",
]

[[package]]
name = "zenwebp"
version = "0.4.4"
source = "registry+https://github.com/rust-lang/crates.io-index"
checksum = "7b5df07c85e11b59f5b9d49b60c11d7ae27c48d557d498c80c78d2d914428237"
dependencies = [
 "archmage",
 "bytemuck",
 "byteorder-lite",
 "enough",
 "garb",
 "hashbrown",
 "libm",
 "linear-srgb",
 "magetypes",
 "rgb",
 "thiserror",
 "whereat",
 "zenpixels",
 "zenyuv",
]

[[package]]
name = "zenyuv"
version = "0.1.3"
source = "registry+https://github.com/rust-lang/crates.io-index"
checksum = "6eca8f745696b57918b5529772fa7d0c112a07c86269277928bae2fd1d7aabae"
dependencies = [
 "archmage",
 "libm",
 "linear-srgb",
 "magetypes",
 "safe_unaligned_simd",
]

[[package]]
name = "zerocopy"
version = "0.8.56"
source = "registry+https://github.com/rust-lang/crates.io-index"
checksum = "556764e583adb45a9f8d413c2a147fa7e8d821e48e12b14fd560b607998b75eb"
dependencies = [
 "zerocopy-derive",
]

[[package]]
name = "zerocopy-derive"
version = "0.8.56"
source = "registry+https://github.com/rust-lang/crates.io-index"
checksum = "f2ab42fc20575779bd240faa45f94a74256f755c0fa9e89f0ede20d91d0cdfc1"
dependencies = [
 "proc-macro2",
 "quote",
 "syn 2.0.119",
]

[[package]]
name = "zune-core"
version = "0.4.12"
source = "registry+https://github.com/rust-lang/crates.io-index"
checksum = "3f423a2c17029964870cfaabb1f13dfab7d092a62a29a89264f4d36990ca414a"

[[package]]
name = "zune-jpeg"
version = "0.4.21"
source = "registry+https://github.com/rust-lang/crates.io-index"
checksum = "29ce2c8a9384ad323cf564b67da86e21d3cfdff87908bc1223ed5c99bc792713"
dependencies = [
 "zune-core",
]
